Microsoft Visual Studio Solution File, Format Version 9.00
# Visual Studio 2005
Project("{8BC9CEB8-8B4A-11D0-8D11-00A0C91BC942}") = "cmplxsum", "cmplxsum\cmplxsum.vcproj", "{28138CFF-7009-4A96-8B09-476528180372}"
EndProject
Project("{8BC9CEB8-8B4A-11D0-8D11-00A0C91BC942}") = "multiply", "simple\multiply.vcproj", "{DB44F9E7-30CB-4802-A433-106B9E852076}"
EndProject
Project("{8BC9CEB8-8B4A-11D0-8D11-00A0C91BC942}") = "digamma", "treasury\digamma\digamma.vcproj", "{B26F88B2-019A-48A3-A56A-23BAE8FF4A66}"
EndProject
Project("{8BC9CEB8-8B4A-11D0-8D11-00A0C91BC942}") = "kroneckr", "treasury\kroneckr\kroneckr.vcproj", "{483D27FC-7623-4DFC-99C3-76A2CD576B9E}"
EndProject
Project("{8BC9CEB8-8B4A-11D0-8D11-00A0C91BC942}") = "userpack", "userpack\userpack.vcproj", "{C12D3056-EB76-4948-B694-BA38C0CEE8B9}"
EndProject
Global
	GlobalSection(SolutionConfigurationPlatforms) = preSolution
		Debug|Win32 = Debug|Win32
		Release|Win32 = Release|Win32
	EndGlobalSection
	GlobalSection(ProjectConfigurationPlatforms) = postSolution
		{28138CFF-7009-4A96-8B09-476528180372}.Debug|Win32.ActiveCfg = Debug|Win32
		{28138CFF-7009-4A96-8B09-476528180372}.Debug|Win32.Build.0 = Debug|Win32
		{28138CFF-7009-4A96-8B09-476528180372}.Release|Win32.ActiveCfg = Release|Win32
		{28138CFF-7009-4A96-8B09-476528180372}.Release|Win32.Build.0 = Release|Win32
		{DB44F9E7-30CB-4802-A433-106B9E852076}.Debug|Win32.ActiveCfg = Debug|Win32
		{DB44F9E7-30CB-4802-A433-106B9E852076}.Debug|Win32.Build.0 = Debug|Win32
		{DB44F9E7-30CB-4802-A433-106B9E852076}.Release|Win32.ActiveCfg = Release|Win32
		{DB44F9E7-30CB-4802-A433-106B9E852076}.Release|Win32.Build.0 = Release|Win32
		{B26F88B2-019A-48A3-A56A-23BAE8FF4A66}.Debug|Win32.ActiveCfg = Debug|Win32
		{B26F88B2-019A-48A3-A56A-23BAE8FF4A66}.Debug|Win32.Build.0 = Debug|Win32
		{B26F88B2-019A-48A3-A56A-23BAE8FF4A66}.Release|Win32.ActiveCfg = Release|Win32
		{B26F88B2-019A-48A3-A56A-23BAE8FF4A66}.Release|Win32.Build.0 = Release|Win32
		{483D27FC-7623-4DFC-99C3-76A2CD576B9E}.Debug|Win32.ActiveCfg = Debug|Win32
		{483D27FC-7623-4DFC-99C3-76A2CD576B9E}.Debug|Win32.Build.0 = Debug|Win32
		{483D27FC-7623-4DFC-99C3-76A2CD576B9E}.Release|Win32.ActiveCfg = Release|Win32
		{483D27FC-7623-4DFC-99C3-76A2CD576B9E}.Release|Win32.Build.0 = Release|Win32
		{C12D3056-EB76-4948-B694-BA38C0CEE8B9}.Debug|Win32.ActiveCfg = Debug|Win32
		{C12D3056-EB76-4948-B694-BA38C0CEE8B9}.Debug|Win32.Build.0 = Debug|Win32
		{C12D3056-EB76-4948-B694-BA38C0CEE8B9}.Release|Win32.ActiveCfg = Release|Win32
		{C12D3056-EB76-4948-B694-BA38C0CEE8B9}.Release|Win32.Build.0 = Release|Win32
	EndGlobalSection
	GlobalSection(SolutionProperties) = preSolution
		HideSolutionNode = FALSE
	EndGlobalSection
	GlobalSection(DPCodeReviewSolutionGUID) = preSolution
		DPCodeReviewSolutionGUID = {00000000-0000-0000-0000-000000000000}
	EndGlobalSection
EndGlobal
